// !$*UTF8*$!
{
	archiveVersion = 1;
	classes = {
	};
	objectVersion = 46;
	objects = {

/* Begin PBXBuildFile section */
		FD218A5C1CACD3C7009B1A6D /* AppDelegate.swift in Sources */ = {isa = PBXBuildFile; fileRef = FD218A5B1CACD3C7009B1A6D /* AppDelegate.swift */; };
		FD218A5E1CACD3C7009B1A6D /* ViewController.swift in Sources */ = {isa = PBXBuildFile; fileRef = FD218A5D1CACD3C7009B1A6D /* ViewController.swift */; };
		FD218A611CACD3C7009B1A6D /* Main.storyboard in Resources */ = {isa = PBXBuildFile; fileRef = FD218A5F1CACD3C7009B1A6D /* Main.storyboard */; };
		FD218A631CACD3C7009B1A6D /* Assets.xcassets in Resources */ = {isa = PBXBuildFile; fileRef = FD218A621CACD3C7009B1A6D /* Assets.xcassets */; };
		FD218A661CACD3C7009B1A6D /* LaunchScreen.storyboard in Resources */ = {isa = PBXBuildFile; fileRef = FD218A641CACD3C7009B1A6D /* LaunchScreen.storyboard */; };
		FD218A6E1CACD3E9009B1A6D /* UIAnimation.swift in Sources */ = {isa = PBXBuildFile; fileRef = FD218A6D1CACD3E8009B1A6D /* UIAnimation.swift */; };
/* End PBXBuildFile section */

/* Begin PBXFileReference section */
		FD218A581CACD3C7009B1A6D /* UIAnimation.app */ = {isa = PBXFileReference; explicitFileType = wrapper.application; includeInIndex = 0; path = UIAnimation.app; sourceTree = BUILT_PRODUCTS_DIR; };
		FD218A5B1CACD3C7009B1A6D /* AppDelegate.swift */ = {isa = PBXFileReference; lastKnownFileType = sourcecode.swift; path = AppDelegate.swift; sourceTree = "<group>"; };
		FD218A5D1CACD3C7009B1A6D /* ViewController.swift */ = {isa = PBXFileReference; lastKnownFileType = sourcecode.swift; path = ViewController.swift; sourceTree = "<group>"; };
		FD218A601CACD3C7009B1A6D /* Base */ = {isa = PBXFileReference; lastKnownFileType = file.storyboard; name = Base; path = Base.lproj/Main.storyboard; sourceTree = "<group>"; };
		FD218A621CACD3C7009B1A6D /* Assets.xcassets */ = {isa = PBXFileReference; lastKnownFileType = folder.assetcatalog; path = Assets.xcassets; sourceTree = "<group>"; };
		FD218A651CACD3C7009B1A6D /* Base */ = {isa = PBXFileReference; lastKnownFileType = file.storyboard; name = Base; path = Base.lproj/LaunchScreen.storyboard; sourceTree = "<group>"; };
		FD218A671CACD3C7009B1A6D /* Info.plist */ = {isa = PBXFileReference; lastKnownFileType = text.plist.xml; path = Info.plist; sourceTree = "<group>"; };
		FD218A6D1CACD3E8009B1A6D /* UIAnimation.swift */ = {isa = PBXFileReference; fileEncoding = 4; lastKnownFileType = sourcecode.swift; path = UIAnimation.swift; sourceTree = "<group>"; };
/* End PBXFileReference section */

/* Begin PBXFrameworksBuildPhase section */
		FD218A551CACD3C7009B1A6D /* Frameworks */ = {
			isa = PBXFrameworksBuildPhase;
			buildActionMask = 2147483647;
			files = (
			);
			runOnlyForDeploymentPostprocessing = 0;
		};
/* End PBXFrameworksBuildPhase section */

/* Begin PBXGroup section */
		FD218A4F1CACD3C7009B1A6D = {
			isa = PBXGroup;
			children = (
				FD218A5A1CACD3C7009B1A6D /* UIAnimation */,
				FD218A591CACD3C7009B1A6D /* Products */,
			);
			sourceTree = "<group>";
		};
		FD218A591CACD3C7009B1A6D /* Products */ = {
			isa = PBXGroup;
			children = (
				FD218A581CACD3C7009B1A6D /* UIAnimation.app */,
			);
			name = Products;
			sourceTree = "<group>";
		};
		FD218A5A1CACD3C7009B1A6D /* UIAnimation */ = {
			isa = PBXGroup;
			children = (
				FD218A5B1CACD3C7009B1A6D /* AppDelegate.swift */,
				FD218A5D1CACD3C7009B1A6D /* ViewController.swift */,
				FD218A6D1CACD3E8009B1A6D /* UIAnimation.swift */,
				FD218A5F1CACD3C7009B1A6D /* Main.storyboard */,
				FD218A621CACD3C7009B1A6D /* Assets.xcassets */,
				FD218A641CACD3C7009B1A6D /* LaunchScreen.storyboard */,
				FD218A671CACD3C7009B1A6D /* Info.plist */,
			);
			path = UIAnimation;
			sourceTree = "<group>";
		};
/* End PBXGroup section */

/* Begin PBXNativeTarget section */
		FD218A571CACD3C7009B1A6D /* UIAnimation */ = {
			isa = PBXNativeTarget;
			buildConfigurationList = FD218A6A1CACD3C7009B1A6D /* Build configuration list for PBXNativeTarget "UIAnimation" */;
			buildPhases = (
				FD218A541CACD3C7009B1A6D /* Sources */,
				FD218A551CACD3C7009B1A6D /* Frameworks */,
				FD218A561CACD3C7009B1A6D /* Resources */,
			);
			buildRules = (
			);
			dependencies = (
			);
			name = UIAnimation;
			productName = UIAnimation;
			productReference = FD218A581CACD3C7009B1A6D /* UIAnimation.app */;
			productType = "com.apple.product-type.application";
		};
/* End PBXNativeTarget section */

/* Begin PBXProject section */
		FD218A501CACD3C7009B1A6D /* Project object */ = {
			isa = PBXProject;
			attributes = {
				LastSwiftUpdateCheck = 0720;
				LastUpgradeCheck = 0720;
				ORGANIZATIONNAME = "Pietro Ribeiro Pepe";
				TargetAttributes = {
					FD218A571CACD3C7009B1A6D = {
						CreatedOnToolsVersion = 7.2;
					};
				};
			};
			buildConfigurationList = FD218A531CACD3C7009B1A6D /* Build configuration list for PBXProject "UIAnimation" */;
			compatibilityVersion = "Xcode 3.2";
			developmentRegion = English;
			hasScannedForEncodings = 0;
			knownRegions = (
				en,
				Base,
			);
			mainGroup = FD218A4F1CACD3C7009B1A6D;
			productRefGroup = FD218A591CACD3C7009B1A6D /* Products */;
			projectDirPath = "";
			projectRoot = "";
			targets = (
				FD218A571CACD3C7009B1A6D /* UIAnimation */,
			);
		};
/* End PBXProject section */

/* Begin PBXResourcesBuildPhase section */
		FD218A561CACD3C7009B1A6D /* Resources */ = {
			isa = PBXResourcesBuildPhase;
			buildActionMask = 2147483647;
			files = (
				FD218A661CACD3C7009B1A6D /* LaunchScreen.storyboard in Resources */,
				FD218A631CACD3C7009B1A6D /* Assets.xcassets in Resources */,
				FD218A611CACD3C7009B1A6D /* Main.storyboard in Resources */,
			);
			runOnlyForDeploymentPostprocessing = 0;
		};
/* End PBXResourcesBuildPhase section */

/* Begin PBXSourcesBuildPhase section */
		FD218A541CACD3C7009B1A6D /* Sources */ = {
			isa = PBXSourcesBuildPhase;
			buildActionMask = 2147483647;
			files = (
				FD218A5E1CACD3C7009B1A6D /* ViewController.swift in Sources */,
				FD218A6E1CACD3E9009B1A6D /* UIAnimation.swift in Sources */,
				FD218A5C1CACD3C7009B1A6D /* AppDelegate.swift in Sources */,
			);
			runOnlyForDeploymentPostprocessing = 0;
		};
/* End PBXSourcesBuildPhase section */

/* Begin PBXVariantGroup section */
		FD218A5F1CACD3C7009B1A6D /* Main.storyboard */ = {
			isa = PBXVariantGroup;
			children = (
				FD218A601CACD3C7009B1A6D /* Base */,
			);
			name = Main.storyboard;
			sourceTree = "<group>";
		};
		FD218A641CACD3C7009B1A6D /* LaunchScreen.storyboard */ = {
			isa = PBXVariantGroup;
			children = (
				FD218A651CACD3C7009B1A6D /* Base */,
			);
			name = LaunchScreen.storyboard;
			sourceTree = "<group>";
		};
/* End PBXVariantGroup section */

/* Begin XCBuildConfiguration section */
		FD218A681CACD3C7009B1A6D /* Debug */ = {
			isa = XCBuildConfiguration;
			buildSettings = {
				ALWAYS_SEARCH_USER_PATHS = NO;
				CLANG_CXX_LANGUAGE_STANDARD = "gnu++0x";
				CLANG_CXX_LIBRARY = "libc++";
				CLANG_ENABLE_MODULES = YES;
				CLANG_ENABLE_OBJC_ARC = YES;
				CLANG_WARN_BOOL_CONVERSION = YES;
				CLANG_WARN_CONSTANT_CONVERSION = YES;
				CLANG_WARN_DIRECT_OBJC_ISA_USAGE = YES_ERROR;
				CLANG_WARN_EMPTY_BODY = YES;
				CLANG_WARN_ENUM_CONVERSION = YES;
				CLANG_WARN_INT_CONVERSION = YES;
				CLANG_WARN_OBJC_ROOT_CLASS = YES_ERROR;
				CLANG_WARN_UNREACHABLE_CODE = YES;
				CLANG_WARN__DUPLICATE_METHOD_MATCH = YES;
				"CODE_SIGN_IDENTITY[sdk=iphoneos*]" = "iPhone Developer";
				COPY_PHASE_STRIP = NO;
				DEBUG_INFORMATION_FORMAT = dwarf;
				ENABLE_STRICT_OBJC_MSGSEND = YES;
				ENABLE_TESTABILITY = YES;
				GCC_C_LANGUAGE_STANDARD = gnu99;
				GCC_DYNAMIC_NO_PIC = NO;
				GCC_NO_COMMON_BLOCKS = YES;
				GCC_OPTIMIZATION_LEVEL = 0;
				GCC_PREPROCESSOR_DEFINITIONS = (
					"DEBUG=1",
					"$(inherited)",
				);
				GCC_WARN_64_TO_32_BIT_CONVERSION = YES;
				GCC_WARN_ABOUT_RETURN_TYPE = YES_ERROR;
				GCC_WARN_UNDECLARED_SELECTOR = YES;
				GCC_WARN_UNINITIALIZED_AUTOS = YES_AGGRESSIVE;
				GCC_WARN_UNUSED_FUNCTION = YES;
				GCC_WARN_UNUSED_VARIABLE = YES;
				IPHONEOS_DEPLOYMENT_TARGET = 9.2;
				MTL_ENABLE_DEBUG_INFO = YES;
				ONLY_ACTIVE_ARCH = YES;
				SDKROOT = iphoneos;
				SWIFT_OPTIMIZATION_LEVEL = "-Onone";
				TARGETED_DEVICE_FAMILY = "1,2";
			};
			name = Debug;
		};
		FD218A691CACD3C7009B1A6D /* Release */ = {
			isa = XCBuildConfiguration;
			buildSettings = {
				ALWAYS_SEARCH_USER_PATHS = NO;
				CLANG_CXX_LANGUAGE_STANDARD = "gnu++0x";
				CLANG_CXX_LIBRARY = "libc++";
				CLANG_ENABLE_MODULES = YES;
				CLANG_ENABLE_OBJC_ARC = YES;
				CLANG_WARN_BOOL_CONVERSION = YES;
				CLANG_WARN_CONSTANT_CONVERSION = YES;
				CLANG_WARN_DIRECT_OBJC_ISA_USAGE = YES_ERROR;
				CLANG_WARN_EMPTY_BODY = YES;
				CLANG_WARN_ENUM_CONVERSION = YES;
				CLANG_WARN_INT_CONVERSION = YES;
				CLANG_WARN_OBJC_ROOT_CLASS = YES_ERROR;
				CLANG_WARN_UNREACHABLE_CODE = YES;
				CLANG_WARN__DUPLICATE_METHOD_MATCH = YES;
				"CODE_SIGN_IDENTITY[sdk=iphoneos*]" = "iPhone Developer";
				COPY_PHASE_STRIP = NO;
				DEBUG_INFORMATION_FORMAT = "dwarf-with-dsym";
				ENABLE_NS_ASSERTIONS = NO;
				ENABLE_STRICT_OBJC_MSGSEND = YES;
				GCC_C_LANGUAGE_STANDARD = gnu99;
				GCC_NO_COMMON_BLOCKS = YES;
				GCC_WARN_64_TO_32_BIT_CONVERSION = YES;
				GCC_WARN_ABOUT_RETURN_TYPE = YES_ERROR;
				GCC_WARN_UNDECLARED_SELECTOR = YES;
				GCC_WARN_UNINITIALIZED_AUTOS = YES_AGGRESSIVE;
				GCC_WARN_UNUSED_FUNCTION = YES;
				GCC_WARN_UNUSED_VARIABLE = YES;
				IPHONEOS_DEPLOYMENT_TARGET = 9.2;
				MTL_ENABLE_DEBUG_INFO = NO;
				SDKROOT = iphoneos;
				TARGETED_DEVICE_FAMILY = "1,2";
				VALIDATE_PRODUCT = YES;
			};
			name = Release;
		};
		FD218A6B1CACD3C7009B1A6D /* Debug */ = {
			isa = XCBuildConfiguration;
			buildSettings = {
				ASSETCATALOG_COMPILER_APPICON_NAME = AppIcon;
				INFOPLIST_FILE = UIAnimation/Info.plist;
				IPHONEOS_DEPLOYMENT_TARGET = 9.0;
				LD_RUNPATH_SEARCH_PATHS = "$(inherited) @executable_path/Frameworks";
				PRODUCT_BUNDLE_IDENTIFIER = com.BEPiD.UIAnimation;
				PRODUCT_NAME = "$(TARGET_NAME)";
				SWIFT_VERSION = 4.0;
			};
			name = Debug;
		};
		FD218A6C1CACD3C7009B1A6D /* Release */ = {
			isa = XCBuildConfiguration;
			buildSettings = {
				ASSETCATALOG_COMPILER_APPICON_NAME = AppIcon;
				INFOPLIST_FILE = UIAnimation/Info.plist;
				IPHONEOS_DEPLOYMENT_TARGET = 9.0;
				LD_RUNPATH_SEARCH_PATHS = "$(inherited) @executable_path/Frameworks";
				PRODUCT_BUNDLE_IDENTIFIER = com.BEPiD.UIAnimation;
				PRODUCT_NAME = "$(TARGET_NAME)";
				SWIFT_VERSION = 4.0;
			};
			name = Release;
		};
/* End XCBuildConfiguration section */

/* Begin XCConfigurationList section */
		FD218A531CACD3C7009B1A6D /* Build configuration list for PBXProject "UIAnimation" */ = {
			isa = XCConfigurationList;
			buildConfigurations = (
				FD218A681CACD3C7009B1A6D /* Debug */,
				FD218A691CACD3C7009B1A6D /* Release */,
			);
			defaultConfigurationIsVisible = 0;
			defaultConfigurationName = Release;
		};
		FD218A6A1CACD3C7009B1A6D /* Build configuration list for PBXNativeTarget "UIAnimation" */ = {
			isa = XCConfigurationList;
			buildConfigurations = (
				FD218A6B1CACD3C7009B1A6D /* Debug */,
				FD218A6C1CACD3C7009B1A6D /* Release */,
			);
			defaultConfigurationIsVisible = 0;
			defaultConfigurationName = Release;
		};
/* End XCConfigurationList section */
	};
	rootObject = FD218A501CACD3C7009B1A6D /* Project object */;
}
